PODS:
  - Alamofire (4.7.0)
  - Eureka (3.0.0)

DEPENDENCIES:
  - Alamofire (~> 4.5)
  - Eureka (from `https://github.com/xmartlabs/Eureka.git`, branch `Swift-3.3`)

SPEC REPOS:
  https://github.com/cocoapods/specs.git:
    - Alamofire

EXTERNAL SOURCES:
  Eureka:
    :branch: Swift-3.3
    :git: https://github.com/xmartlabs/Eureka.git

CHECKOUT OPTIONS:
  Eureka:
    :commit: 8fcc11477411b1ac96339d3d9d0973956ed05151
    :git: https://github.com/xmartlabs/Eureka.git

SPEC CHECKSUMS:
  Alamofire: 907e0a98eb68cdb7f9d1f541a563d6ac5dc77b25
  Eureka: 5b9418d7bfdc21ca977d69d124a6409f3e9af2c7

PODFILE CHECKSUM: 517a8e37a5a3562ac99b4b7fca9ef16c66509de3

COCOAPODS: 1.5.3
