// !$*UTF8*$!
{
	archiveVersion = 1;
	classes = {
	};
	objectVersion = 50;
	objects = {

/* Begin PBXBuildFile section */
		376AE329214D7F2D00E437A5 /* SoundViewModel.swift in Sources */ = {isa = PBXBuildFile; fileRef = 376AE326214D7F2D00E437A5 /* SoundViewModel.swift */; };
		376AE32A214D7F2D00E437A5 /* SoundViewController.swift in Sources */ = {isa = PBXBuildFile; fileRef = 376AE327214D7F2D00E437A5 /* SoundViewController.swift */; };
		376AE32B214D7F2D00E437A5 /* SoundViewPresenter.swift in Sources */ = {isa = PBXBuildFile; fileRef = 376AE328214D7F2D00E437A5 /* SoundViewPresenter.swift */; };
		37B1889E214D3D7D006D4EB4 /* MotionViewPresenter.swift in Sources */ = {isa = PBXBuildFile; fileRef = 37B1889D214D3D7D006D4EB4 /* MotionViewPresenter.swift */; };
		37B188A0214D3D8E006D4EB4 /* MotionViewModel.swift in Sources */ = {isa = PBXBuildFile; fileRef = 37B1889F214D3D8E006D4EB4 /* MotionViewModel.swift */; };
		37B68968211D9320007AC870 /* AppDelegate.swift in Sources */ = {isa = PBXBuildFile; fileRef = 37B68967211D9320007AC870 /* AppDelegate.swift */; };
		37B6896A211D9320007AC870 /* MotionViewController.swift in Sources */ = {isa = PBXBuildFile; fileRef = 37B68969211D9320007AC870 /* MotionViewController.swift */; };
		37B6896D211D9320007AC870 /* Main.storyboard in Resources */ = {isa = PBXBuildFile; fileRef = 37B6896B211D9320007AC870 /* Main.storyboard */; };
		37B6896F211D9326007AC870 /* Assets.xcassets in Resources */ = {isa = PBXBuildFile; fileRef = 37B6896E211D9326007AC870 /* Assets.xcassets */; };
		37B68972211D9326007AC870 /* LaunchScreen.storyboard in Resources */ = {isa = PBXBuildFile; fileRef = 37B68970211D9326007AC870 /* LaunchScreen.storyboard */; };
		37E21EFB211F27BF007F2F59 /* Extensions.swift in Sources */ = {isa = PBXBuildFile; fileRef = 37E21EFA211F27BF007F2F59 /* Extensions.swift */; };
		37E21EFD211F2956007F2F59 /* Enum.swift in Sources */ = {isa = PBXBuildFile; fileRef = 37E21EFC211F2956007F2F59 /* Enum.swift */; };
		D84AAC0F274B97FD5C7A2F59 /* Pods_NO_EE.framework in Frameworks */ = {isa = PBXBuildFile; fileRef = 50BE2E1634E592265343D031 /* Pods_NO_EE.framework */; };
/* End PBXBuildFile section */

/* Begin PBXFileReference section */
		13F75AA9E97A39C4AC64EF1D /* Pods-NO=EE.debug.xcconfig */ = {isa = PBXFileReference; includeInIndex = 1; lastKnownFileType = text.xcconfig; name = "Pods-NO=EE.debug.xcconfig"; path = "Pods/Target Support Files/Pods-NO=EE/Pods-NO=EE.debug.xcconfig"; sourceTree = "<group>"; };
		376AE326214D7F2D00E437A5 /* SoundViewModel.swift */ = {isa = PBXFileReference; fileEncoding = 4; lastKnownFileType = sourcecode.swift; path = SoundViewModel.swift; sourceTree = "<group>"; };
		376AE327214D7F2D00E437A5 /* SoundViewController.swift */ = {isa = PBXFileReference; fileEncoding = 4; lastKnownFileType = sourcecode.swift; path = SoundViewController.swift; sourceTree = "<group>"; };
		376AE328214D7F2D00E437A5 /* SoundViewPresenter.swift */ = {isa = PBXFileReference; fileEncoding = 4; lastKnownFileType = sourcecode.swift; path = SoundViewPresenter.swift; sourceTree = "<group>"; };
		37B1889D214D3D7D006D4EB4 /* MotionViewPresenter.swift */ = {isa = PBXFileReference; lastKnownFileType = sourcecode.swift; path = MotionViewPresenter.swift; sourceTree = "<group>"; };
		37B1889F214D3D8E006D4EB4 /* MotionViewModel.swift */ = {isa = PBXFileReference; lastKnownFileType = sourcecode.swift; path = MotionViewModel.swift; sourceTree = "<group>"; };
		37B68964211D9320007AC870 /* NO=EE.app */ = {isa = PBXFileReference; explicitFileType = wrapper.application; includeInIndex = 0; path = "NO=EE.app"; sourceTree = BUILT_PRODUCTS_DIR; };
		37B68967211D9320007AC870 /* AppDelegate.swift */ = {isa = PBXFileReference; lastKnownFileType = sourcecode.swift; path = AppDelegate.swift; sourceTree = "<group>"; };
		37B68969211D9320007AC870 /* MotionViewController.swift */ = {isa = PBXFileReference; lastKnownFileType = sourcecode.swift; path = MotionViewController.swift; sourceTree = "<group>"; };
		37B6896C211D9320007AC870 /* Base */ = {isa = PBXFileReference; lastKnownFileType = file.storyboard; name = Base; path = Base.lproj/Main.storyboard; sourceTree = "<group>"; };
		37B6896E211D9326007AC870 /* Assets.xcassets */ = {isa = PBXFileReference; lastKnownFileType = folder.assetcatalog; path = Assets.xcassets; sourceTree = "<group>"; };
		37B68971211D9326007AC870 /* Base */ = {isa = PBXFileReference; lastKnownFileType = file.storyboard; name = Base; path = Base.lproj/LaunchScreen.storyboard; sourceTree = "<group>"; };
		37B68973211D9326007AC870 /* Info.plist */ = {isa = PBXFileReference; lastKnownFileType = text.plist.xml; path = Info.plist; sourceTree = "<group>"; };
		37E21EFA211F27BF007F2F59 /* Extensions.swift */ = {isa = PBXFileReference; lastKnownFileType = sourcecode.swift; path = Extensions.swift; sourceTree = "<group>"; };
		37E21EFC211F2956007F2F59 /* Enum.swift */ = {isa = PBXFileReference; lastKnownFileType = sourcecode.swift; path = Enum.swift; sourceTree = "<group>"; };
		50BE2E1634E592265343D031 /* Pods_NO_EE.framework */ = {isa = PBXFileReference; explicitFileType = wrapper.framework; includeInIndex = 0; path = Pods_NO_EE.framework; sourceTree = BUILT_PRODUCTS_DIR; };
		9B3502744BF6E2F64855FCD9 /* Pods-NO=EE.release.xcconfig */ = {isa = PBXFileReference; includeInIndex = 1; lastKnownFileType = text.xcconfig; name = "Pods-NO=EE.release.xcconfig"; path = "Pods/Target Support Files/Pods-NO=EE/Pods-NO=EE.release.xcconfig"; sourceTree = "<group>"; };
/* End PBXFileReference section */

/* Begin PBXFrameworksBuildPhase section */
		37B68961211D9320007AC870 /* Frameworks */ = {
			isa = PBXFrameworksBuildPhase;
			buildActionMask = 2147483647;
			files = (
				D84AAC0F274B97FD5C7A2F59 /* Pods_NO_EE.framework in Frameworks */,
			);
			runOnlyForDeploymentPostprocessing = 0;
		};
/* End PBXFrameworksBuildPhase section */

/* Begin PBXGroup section */
		376AE325214D7F0E00E437A5 /* Sound */ = {
			isa = PBXGroup;
			children = (
				376AE327214D7F2D00E437A5 /* SoundViewController.swift */,
				376AE328214D7F2D00E437A5 /* SoundViewPresenter.swift */,
				376AE326214D7F2D00E437A5 /* SoundViewModel.swift */,
			);
			path = Sound;
			sourceTree = "<group>";
		};
		37B188A3214D7C4C006D4EB4 /* Motion */ = {
			isa = PBXGroup;
			children = (
				37B68969211D9320007AC870 /* MotionViewController.swift */,
				37B1889D214D3D7D006D4EB4 /* MotionViewPresenter.swift */,
				37B1889F214D3D8E006D4EB4 /* MotionViewModel.swift */,
			);
			path = Motion;
			sourceTree = "<group>";
		};
		37B6895B211D9320007AC870 = {
			isa = PBXGroup;
			children = (
				37B68966211D9320007AC870 /* NO=EE */,
				37B68965211D9320007AC870 /* Products */,
				66C92D3F14D7A26E44452180 /* Pods */,
				72EBA0EAF6FCB1E2E14F57E9 /* Frameworks */,
			);
			sourceTree = "<group>";
		};
		37B68965211D9320007AC870 /* Products */ = {
			isa = PBXGroup;
			children = (
				37B68964211D9320007AC870 /* NO=EE.app */,
			);
			name = Products;
			sourceTree = "<group>";
		};
		37B68966211D9320007AC870 /* NO=EE */ = {
			isa = PBXGroup;
			children = (
				376AE325214D7F0E00E437A5 /* Sound */,
				37B188A3214D7C4C006D4EB4 /* Motion */,
				37B68967211D9320007AC870 /* AppDelegate.swift */,
				37B6896B211D9320007AC870 /* Main.storyboard */,
				37B6896E211D9326007AC870 /* Assets.xcassets */,
				37B68970211D9326007AC870 /* LaunchScreen.storyboard */,
				37B68973211D9326007AC870 /* Info.plist */,
				37E21EFA211F27BF007F2F59 /* Extensions.swift */,
				37E21EFC211F2956007F2F59 /* Enum.swift */,
			);
			path = "NO=EE";
			sourceTree = "<group>";
		};
		66C92D3F14D7A26E44452180 /* Pods */ = {
			isa = PBXGroup;
			children = (
				13F75AA9E97A39C4AC64EF1D /* Pods-NO=EE.debug.xcconfig */,
				9B3502744BF6E2F64855FCD9 /* Pods-NO=EE.release.xcconfig */,
			);
			name = Pods;
			sourceTree = "<group>";
		};
		72EBA0EAF6FCB1E2E14F57E9 /* Frameworks */ = {
			isa = PBXGroup;
			children = (
				50BE2E1634E592265343D031 /* Pods_NO_EE.framework */,
			);
			name = Frameworks;
			sourceTree = "<group>";
		};
/* End PBXGroup section */

/* Begin PBXNativeTarget section */
		37B68963211D9320007AC870 /* NO=EE */ = {
			isa = PBXNativeTarget;
			buildConfigurationList = 37B68976211D9326007AC870 /* Build configuration list for PBXNativeTarget "NO=EE" */;
			buildPhases = (
				4CFA54FCDB5D43FCF641D8D2 /* [CP] Check Pods Manifest.lock */,
				37B68960211D9320007AC870 /* Sources */,
				37B68961211D9320007AC870 /* Frameworks */,
				37B68962211D9320007AC870 /* Resources */,
				AEBD12A1A2044247AD3D0272 /* [CP] Embed Pods Frameworks */,
			);
			buildRules = (
			);
			dependencies = (
			);
			name = "NO=EE";
			productName = "NO=EE";
			productReference = 37B68964211D9320007AC870 /* NO=EE.app */;
			productType = "com.apple.product-type.application";
		};
/* End PBXNativeTarget section */

/* Begin PBXProject section */
		37B6895C211D9320007AC870 /* Project object */ = {
			isa = PBXProject;
			attributes = {
				LastSwiftUpdateCheck = 0940;
				LastUpgradeCheck = 0940;
				ORGANIZATIONNAME = Kenta;
				TargetAttributes = {
					37B68963211D9320007AC870 = {
						CreatedOnToolsVersion = 9.4.1;
					};
				};
			};
			buildConfigurationList = 37B6895F211D9320007AC870 /* Build configuration list for PBXProject "NO=EE" */;
			compatibilityVersion = "Xcode 9.3";
			developmentRegion = en;
			hasScannedForEncodings = 0;
			knownRegions = (
				en,
				Base,
			);
			mainGroup = 37B6895B211D9320007AC870;
			productRefGroup = 37B68965211D9320007AC870 /* Products */;
			projectDirPath = "";
			projectRoot = "";
			targets = (
				37B68963211D9320007AC870 /* NO=EE */,
			);
		};
/* End PBXProject section */

/* Begin PBXResourcesBuildPhase section */
		37B68962211D9320007AC870 /* Resources */ = {
			isa = PBXResourcesBuildPhase;
			buildActionMask = 2147483647;
			files = (
				37B68972211D9326007AC870 /* LaunchScreen.storyboard in Resources */,
				37B6896F211D9326007AC870 /* Assets.xcassets in Resources */,
				37B6896D211D9320007AC870 /* Main.storyboard in Resources */,
			);
			runOnlyForDeploymentPostprocessing = 0;
		};
/* End PBXResourcesBuildPhase section */

/* Begin PBXShellScriptBuildPhase section */
		4CFA54FCDB5D43FCF641D8D2 /* [CP] Check Pods Manifest.lock */ = {
			isa = PBXShellScriptBuildPhase;
			buildActionMask = 2147483647;
			files = (
			);
			inputPaths = (
				"${PODS_PODFILE_DIR_PATH}/Podfile.lock",
				"${PODS_ROOT}/Manifest.lock",
			);
			name = "[CP] Check Pods Manifest.lock";
			outputPaths = (
				"$(DERIVED_FILE_DIR)/Pods-NO=EE-checkManifestLockResult.txt",
			);
			runOnlyForDeploymentPostprocessing = 0;
			shellPath = /bin/sh;
			shellScript = "diff \"${PODS_PODFILE_DIR_PATH}/Podfile.lock\" \"${PODS_ROOT}/Manifest.lock\" > /dev/null\nif [ $? != 0 ] ; then\n    # print error to STDERR\n    echo \"error: The sandbox is not in sync with the Podfile.lock. Run 'pod install' or update your CocoaPods installation.\" >&2\n    exit 1\nfi\n# This output is used by Xcode 'outputs' to avoid re-running this script phase.\necho \"SUCCESS\" > \"${SCRIPT_OUTPUT_FILE_0}\"\n";
			showEnvVarsInLog = 0;
		};
		AEBD12A1A2044247AD3D0272 /* [CP] Embed Pods Frameworks */ = {
			isa = PBXShellScriptBuildPhase;
			buildActionMask = 2147483647;
			files = (
			);
			inputPaths = (
				"${SRCROOT}/Pods/Target Support Files/Pods-NO=EE/Pods-NO=EE-frameworks.sh",
				"${BUILT_PRODUCTS_DIR}/Alamofire/Alamofire.framework",
				"${BUILT_PRODUCTS_DIR}/Eureka/Eureka.framework",
				"${BUILT_PRODUCTS_DIR}/SwiftyJSON/SwiftyJSON.framework",
				"${BUILT_PRODUCTS_DIR}/TinyConstraints/TinyConstraints.framework",
			);
			name = "[CP] Embed Pods Frameworks";
			outputPaths = (
				"${TARGET_BUILD_DIR}/${FRAMEWORKS_FOLDER_PATH}/Alamofire.framework",
				"${TARGET_BUILD_DIR}/${FRAMEWORKS_FOLDER_PATH}/Eureka.framework",
				"${TARGET_BUILD_DIR}/${FRAMEWORKS_FOLDER_PATH}/SwiftyJSON.framework",
				"${TARGET_BUILD_DIR}/${FRAMEWORKS_FOLDER_PATH}/TinyConstraints.framework",
			);
			runOnlyForDeploymentPostprocessing = 0;
			shellPath = /bin/sh;
			shellScript = "\"${SRCROOT}/Pods/Target Support Files/Pods-NO=EE/Pods-NO=EE-frameworks.sh\"\n";
			showEnvVarsInLog = 0;
		};
/* End PBXShellScriptBuildPhase section */

/* Begin PBXSourcesBuildPhase section */
		37B68960211D9320007AC870 /* Sources */ = {
			isa = PBXSourcesBuildPhase;
			buildActionMask = 2147483647;
			files = (
				37B6896A211D9320007AC870 /* MotionViewController.swift in Sources */,
				37E21EFB211F27BF007F2F59 /* Extensions.swift in Sources */,
				37E21EFD211F2956007F2F59 /* Enum.swift in Sources */,
				376AE329214D7F2D00E437A5 /* SoundViewModel.swift in Sources */,
				376AE32A214D7F2D00E437A5 /* SoundViewController.swift in Sources */,
				37B188A0214D3D8E006D4EB4 /* MotionViewModel.swift in Sources */,
				376AE32B214D7F2D00E437A5 /* SoundViewPresenter.swift in Sources */,
				37B68968211D9320007AC870 /* AppDelegate.swift in Sources */,
				37B1889E214D3D7D006D4EB4 /* MotionViewPresenter.swift in Sources */,
			);
			runOnlyForDeploymentPostprocessing = 0;
		};
/* End PBXSourcesBuildPhase section */

/* Begin PBXVariantGroup section */
		37B6896B211D9320007AC870 /* Main.storyboard */ = {
			isa = PBXVariantGroup;
			children = (
				37B6896C211D9320007AC870 /* Base */,
			);
			name = Main.storyboard;
			sourceTree = "<group>";
		};
		37B68970211D9326007AC870 /* LaunchScreen.storyboard */ = {
			isa = PBXVariantGroup;
			children = (
				37B68971211D9326007AC870 /* Base */,
			);
			name = LaunchScreen.storyboard;
			sourceTree = "<group>";
		};
/* End PBXVariantGroup section */

/* Begin XCBuildConfiguration section */
		37B68974211D9326007AC870 /* Debug */ = {
			isa = XCBuildConfiguration;
			buildSettings = {
				ALWAYS_SEARCH_USER_PATHS = NO;
				CLANG_ANALYZER_NONNULL = YES;
				CLANG_ANALYZER_NUMBER_OBJECT_CONVERSION = YES_AGGRESSIVE;
				CLANG_CXX_LANGUAGE_STANDARD = "gnu++14";
				CLANG_CXX_LIBRARY = "libc++";
				CLANG_ENABLE_MODULES = YES;
				CLANG_ENABLE_OBJC_ARC = YES;
				CLANG_ENABLE_OBJC_WEAK = YES;
				CLANG_WARN_BLOCK_CAPTURE_AUTORELEASING = YES;
				CLANG_WARN_BOOL_CONVERSION = YES;
				CLANG_WARN_COMMA = YES;
				CLANG_WARN_CONSTANT_CONVERSION = YES;
				CLANG_WARN_DEPRECATED_OBJC_IMPLEMENTATIONS = YES;
				CLANG_WARN_DIRECT_OBJC_ISA_USAGE = YES_ERROR;
				CLANG_WARN_DOCUMENTATION_COMMENTS = YES;
				CLANG_WARN_EMPTY_BODY = YES;
				CLANG_WARN_ENUM_CONVERSION = YES;
				CLANG_WARN_INFINITE_RECURSION = YES;
				CLANG_WARN_INT_CONVERSION = YES;
				CLANG_WARN_NON_LITERAL_NULL_CONVERSION = YES;
				CLANG_WARN_OBJC_IMPLICIT_RETAIN_SELF = YES;
				CLANG_WARN_OBJC_LITERAL_CONVERSION = YES;
				CLANG_WARN_OBJC_ROOT_CLASS = YES_ERROR;
				CLANG_WARN_RANGE_LOOP_ANALYSIS = YES;
				CLANG_WARN_STRICT_PROTOTYPES = YES;
				CLANG_WARN_SUSPICIOUS_MOVE = YES;
				CLANG_WARN_UNGUARDED_AVAILABILITY = YES_AGGRESSIVE;
				CLANG_WARN_UNREACHABLE_CODE = YES;
				CLANG_WARN__DUPLICATE_METHOD_MATCH = YES;
				CODE_SIGN_IDENTITY = "iPhone Developer";
				COPY_PHASE_STRIP = NO;
				DEBUG_INFORMATION_FORMAT = dwarf;
				ENABLE_STRICT_OBJC_MSGSEND = YES;
				ENABLE_TESTABILITY = YES;
				GCC_C_LANGUAGE_STANDARD = gnu11;
				GCC_DYNAMIC_NO_PIC = NO;
				GCC_NO_COMMON_BLOCKS = YES;
				GCC_OPTIMIZATION_LEVEL = 0;
				GCC_PREPROCESSOR_DEFINITIONS = (
					"DEBUG=1",
					"$(inherited)",
				);
				GCC_WARN_64_TO_32_BIT_CONVERSION = YES;
				GCC_WARN_ABOUT_RETURN_TYPE = YES_ERROR;
				GCC_WARN_UNDECLARED_SELECTOR = YES;
				GCC_WARN_UNINITIALIZED_AUTOS = YES_AGGRESSIVE;
				GCC_WARN_UNUSED_FUNCTION = YES;
				GCC_WARN_UNUSED_VARIABLE = YES;
				IPHONEOS_DEPLOYMENT_TARGET = 11.4;
				MTL_ENABLE_DEBUG_INFO = YES;
				ONLY_ACTIVE_ARCH = YES;
				SDKROOT = iphoneos;
				SWIFT_ACTIVE_COMPILATION_CONDITIONS = DEBUG;
				SWIFT_OPTIMIZATION_LEVEL = "-Onone";
				SWIFT_VERSION = 3.0;
			};
			name = Debug;
		};
		37B68975211D9326007AC870 /* Release */ = {
			isa = XCBuildConfiguration;
			buildSettings = {
				ALWAYS_SEARCH_USER_PATHS = NO;
				CLANG_ANALYZER_NONNULL = YES;
				CLANG_ANALYZER_NUMBER_OBJECT_CONVERSION = YES_AGGRESSIVE;
				CLANG_CXX_LANGUAGE_STANDARD = "gnu++14";
				CLANG_CXX_LIBRARY = "libc++";
				CLANG_ENABLE_MODULES = YES;
				CLANG_ENABLE_OBJC_ARC = YES;
				CLANG_ENABLE_OBJC_WEAK = YES;
				CLANG_WARN_BLOCK_CAPTURE_AUTORELEASING = YES;
				CLANG_WARN_BOOL_CONVERSION = YES;
				CLANG_WARN_COMMA = YES;
				CLANG_WARN_CONSTANT_CONVERSION = YES;
				CLANG_WARN_DEPRECATED_OBJC_IMPLEMENTATIONS = YES;
				CLANG_WARN_DIRECT_OBJC_ISA_USAGE = YES_ERROR;
				CLANG_WARN_DOCUMENTATION_COMMENTS = YES;
				CLANG_WARN_EMPTY_BODY = YES;
				CLANG_WARN_ENUM_CONVERSION = YES;
				CLANG_WARN_INFINITE_RECURSION = YES;
				CLANG_WARN_INT_CONVERSION = YES;
				CLANG_WARN_NON_LITERAL_NULL_CONVERSION = YES;
				CLANG_WARN_OBJC_IMPLICIT_RETAIN_SELF = YES;
				CLANG_WARN_OBJC_LITERAL_CONVERSION = YES;
				CLANG_WARN_OBJC_ROOT_CLASS = YES_ERROR;
				CLANG_WARN_RANGE_LOOP_ANALYSIS = YES;
				CLANG_WARN_STRICT_PROTOTYPES = YES;
				CLANG_WARN_SUSPICIOUS_MOVE = YES;
				CLANG_WARN_UNGUARDED_AVAILABILITY = YES_AGGRESSIVE;
				CLANG_WARN_UNREACHABLE_CODE = YES;
				CLANG_WARN__DUPLICATE_METHOD_MATCH = YES;
				CODE_SIGN_IDENTITY = "iPhone Developer";
				COPY_PHASE_STRIP = NO;
				DEBUG_INFORMATION_FORMAT = "dwarf-with-dsym";
				ENABLE_NS_ASSERTIONS = NO;
				ENABLE_STRICT_OBJC_MSGSEND = YES;
				GCC_C_LANGUAGE_STANDARD = gnu11;
				GCC_NO_COMMON_BLOCKS = YES;
				GCC_WARN_64_TO_32_BIT_CONVERSION = YES;
				GCC_WARN_ABOUT_RETURN_TYPE = YES_ERROR;
				GCC_WARN_UNDECLARED_SELECTOR = YES;
				GCC_WARN_UNINITIALIZED_AUTOS = YES_AGGRESSIVE;
				GCC_WARN_UNUSED_FUNCTION = YES;
				GCC_WARN_UNUSED_VARIABLE = YES;
				IPHONEOS_DEPLOYMENT_TARGET = 11.4;
				MTL_ENABLE_DEBUG_INFO = NO;
				SDKROOT = iphoneos;
				SWIFT_COMPILATION_MODE = wholemodule;
				SWIFT_OPTIMIZATION_LEVEL = "-O";
				SWIFT_VERSION = 3.0;
				VALIDATE_PRODUCT = YES;
			};
			name = Release;
		};
		37B68977211D9326007AC870 /* Debug */ = {
			isa = XCBuildConfiguration;
			baseConfigurationReference = 13F75AA9E97A39C4AC64EF1D /* Pods-NO=EE.debug.xcconfig */;
			buildSettings = {
				ASSETCATALOG_COMPILER_APPICON_NAME = AppIcon;
				CODE_SIGN_STYLE = Automatic;
				DEVELOPMENT_TEAM = TLVYAZUQZL;
				INFOPLIST_FILE = "NO=EE/Info.plist";
				LD_RUNPATH_SEARCH_PATHS = (
					"$(inherited)",
					"@executable_path/Frameworks",
				);
				PRODUCT_BUNDLE_IDENTIFIER = "com.Kenta.NO-EE";
				PRODUCT_NAME = "$(TARGET_NAME)";
				SWIFT_VERSION = 3.0;
				TARGETED_DEVICE_FAMILY = "1,2";
			};
			name = Debug;
		};
		37B68978211D9326007AC870 /* Release */ = {
			isa = XCBuildConfiguration;
			baseConfigurationReference = 9B3502744BF6E2F64855FCD9 /* Pods-NO=EE.release.xcconfig */;
			buildSettings = {
				ASSETCATALOG_COMPILER_APPICON_NAME = AppIcon;
				CODE_SIGN_STYLE = Automatic;
				DEVELOPMENT_TEAM = TLVYAZUQZL;
				INFOPLIST_FILE = "NO=EE/Info.plist";
				LD_RUNPATH_SEARCH_PATHS = (
					"$(inherited)",
					"@executable_path/Frameworks",
				);
				PRODUCT_BUNDLE_IDENTIFIER = "com.Kenta.NO-EE";
				PRODUCT_NAME = "$(TARGET_NAME)";
				SWIFT_VERSION = 3.0;
				TARGETED_DEVICE_FAMILY = "1,2";
			};
			name = Release;
		};
/* End XCBuildConfiguration section */

/* Begin XCConfigurationList section */
		37B6895F211D9320007AC870 /* Build configuration list for PBXProject "NO=EE" */ = {
			isa = XCConfigurationList;
			buildConfigurations = (
				37B68974211D9326007AC870 /* Debug */,
				37B68975211D9326007AC870 /* Release */,
			);
			defaultConfigurationIsVisible = 0;
			defaultConfigurationName = Release;
		};
		37B68976211D9326007AC870 /* Build configuration list for PBXNativeTarget "NO=EE" */ = {
			isa = XCConfigurationList;
			buildConfigurations = (
				37B68977211D9326007AC870 /* Debug */,
				37B68978211D9326007AC870 /* Release */,
			);
			defaultConfigurationIsVisible = 0;
			defaultConfigurationName = Release;
		};
/* End XCConfigurationList section */
	};
	rootObject = 37B6895C211D9320007AC870 /* Project object */;
}
